
Microsoft Visual Studio Solution File, Format Version 12.00
# Visual Studio Version 16
VisualStudioVersion = 16.0.30503.244
MinimumVisualStudioVersion = 10.0.40219.1
Project("{FAE04EC0-301F-11D3-BF4B-00C04F79EFBC}") = "Practica1", "Practica1\Practica1.csproj", "{EF017A5D-A1EB-48AD-94A8-32642AF66067}"
EndProject
Global
	GlobalSection(SolutionConfigurationPlatforms) = preSolution
		Debug|Any CPU = Debug|Any CPU
		Release|Any CPU = Release|Any CPU
	EndGlobalSection
	GlobalSection(ProjectConfigurationPlatforms) = postSolution
		{EF017A5D-A1EB-48AD-94A8-32642AF66067}.Debug|Any CPU.ActiveCfg = Debug|Any CPU
		{EF017A5D-A1EB-48AD-94A8-32642AF66067}.Debug|Any CPU.Build.0 = Debug|Any CPU
		{EF017A5D-A1EB-48AD-94A8-32642AF66067}.Release|Any CPU.ActiveCfg = Release|Any CPU
		{EF017A5D-A1EB-48AD-94A8-32642AF66067}.Release|Any CPU.Build.0 = Release|Any CPU
	EndGlobalSection
	GlobalSection(SolutionProperties) = preSolution
		HideSolutionNode = FALSE
	EndGlobalSection
	GlobalSection(ExtensibilityGlobals) = postSolution
		SolutionGuid = {B84B5D37-FFC7-4D5E-85DA-B9281DC1FDBC}
	EndGlobalSection
EndGlobal
